
Microsoft Visual Studio Solution File, Format Version 12.00
# Visual Studio Version 17
VisualStudioVersion = 17.3.32825.248
MinimumVisualStudioVersion = 10.0.40219.1
Project("{FAE04EC0-301F-11D3-BF4B-00C04F79EFBC}") = "MasterMindConsoleApp", "MasterMindConsoleApp\MasterMindConsoleApp.csproj", "{4DCE744C-D592-42FF-9D89-F17AD67D580F}"
EndProject
Global
	GlobalSection(SolutionConfigurationPlatforms) = preSolution
		Debug|Any CPU = Debug|Any CPU
		Release|Any CPU = Release|Any CPU
	EndGlobalSection
	GlobalSection(ProjectConfigurationPlatforms) = postSolution
		{4DCE744C-D592-42FF-9D89-F17AD67D580F}.Debug|Any CPU.ActiveCfg = Debug|Any CPU
		{4DCE744C-D592-42FF-9D89-F17AD67D580F}.Debug|Any CPU.Build.0 = Debug|Any CPU
		{4DCE744C-D592-42FF-9D89-F17AD67D580F}.Release|Any CPU.ActiveCfg = Release|Any CPU
		{4DCE744C-D592-42FF-9D89-F17AD67D580F}.Release|Any CPU.Build.0 = Release|Any CPU
	EndGlobalSection
	GlobalSection(SolutionProperties) = preSolution
		HideSolutionNode = FALSE
	EndGlobalSection
	GlobalSection(ExtensibilityGlobals) = postSolution
		SolutionGuid = {EB0D6C93-318A-458A-80CA-868DEFD41247}
	EndGlobalSection
EndGlobal
